
Microsoft Visual Studio Solution File, Format Version 12.00
# Visual Studio Version 16
VisualStudioVersion = 16.0.32228.343
MinimumVisualStudioVersion = 10.0.40219.1
Project("{9A19103F-16F7-4668-BE54-9A1E7A4F7556}") = "Domain", "MvcTemplate\Domain\Domain.csproj", "{EB706E46-7924-4417-BE41-309AC61DF1E5}"
EndProject
Project("{9A19103F-16F7-4668-BE54-9A1E7A4F7556}") = "Repository", "MvcTemplate\Repository\Repository.csproj", "{BDE97219-D954-4924-8C33-3786CAFD3DE6}"
EndProject
Project("{9A19103F-16F7-4668-BE54-9A1E7A4F7556}") = "Service", "MvcTemplate\Service\Service.csproj", "{78CAE6A0-BAAC-40FB-91D6-E03A533006CB}"
EndProject
Project("{9A19103F-16F7-4668-BE54-9A1E7A4F7556}") = "Web", "MvcTemplate\Web\Web.csproj", "{336C318D-7255-474A-934A-0341635E6E07}"
EndProject
Project("{9A19103F-16F7-4668-BE54-9A1E7A4F7556}") = "WebApiONEE", "ONEEWebApi\WebApiONEE.csproj", "{01BAC890-7BA0-483E-89D5-346CF89F5D92}"
EndProject
Global
	GlobalSection(SolutionConfigurationPlatforms) = preSolution
		Debug|Any CPU = Debug|Any CPU
		Release|Any CPU = Release|Any CPU
	EndGlobalSection
	GlobalSection(ProjectConfigurationPlatforms) = postSolution
		{EB706E46-7924-4417-BE41-309AC61DF1E5}.Debug|Any CPU.ActiveCfg = Debug|Any CPU
		{EB706E46-7924-4417-BE41-309AC61DF1E5}.Debug|Any CPU.Build.0 = Debug|Any CPU
		{EB706E46-7924-4417-BE41-309AC61DF1E5}.Release|Any CPU.ActiveCfg = Release|Any CPU
		{EB706E46-7924-4417-BE41-309AC61DF1E5}.Release|Any CPU.Build.0 = Release|Any CPU
		{BDE97219-D954-4924-8C33-3786CAFD3DE6}.Debug|Any CPU.ActiveCfg = Debug|Any CPU
		{BDE97219-D954-4924-8C33-3786CAFD3DE6}.Debug|Any CPU.Build.0 = Debug|Any CPU
		{BDE97219-D954-4924-8C33-3786CAFD3DE6}.Release|Any CPU.ActiveCfg = Release|Any CPU
		{BDE97219-D954-4924-8C33-3786CAFD3DE6}.Release|Any CPU.Build.0 = Release|Any CPU
		{78CAE6A0-BAAC-40FB-91D6-E03A533006CB}.Debug|Any CPU.ActiveCfg = Debug|Any CPU
		{78CAE6A0-BAAC-40FB-91D6-E03A533006CB}.Debug|Any CPU.Build.0 = Debug|Any CPU
		{78CAE6A0-BAAC-40FB-91D6-E03A533006CB}.Release|Any CPU.ActiveCfg = Release|Any CPU
		{78CAE6A0-BAAC-40FB-91D6-E03A533006CB}.Release|Any CPU.Build.0 = Release|Any CPU
		{336C318D-7255-474A-934A-0341635E6E07}.Debug|Any CPU.ActiveCfg = Debug|Any CPU
		{336C318D-7255-474A-934A-0341635E6E07}.Debug|Any CPU.Build.0 = Debug|Any CPU
		{336C318D-7255-474A-934A-0341635E6E07}.Release|Any CPU.ActiveCfg = Release|Any CPU
		{336C318D-7255-474A-934A-0341635E6E07}.Release|Any CPU.Build.0 = Release|Any CPU
		{01BAC890-7BA0-483E-89D5-346CF89F5D92}.Debug|Any CPU.ActiveCfg = Debug|Any CPU
		{01BAC890-7BA0-483E-89D5-346CF89F5D92}.Debug|Any CPU.Build.0 = Debug|Any CPU
		{01BAC890-7BA0-483E-89D5-346CF89F5D92}.Release|Any CPU.ActiveCfg = Release|Any CPU
		{01BAC890-7BA0-483E-89D5-346CF89F5D92}.Release|Any CPU.Build.0 = Release|Any CPU
	EndGlobalSection
	GlobalSection(SolutionProperties) = preSolution
		HideSolutionNode = FALSE
	EndGlobalSection
	GlobalSection(ExtensibilityGlobals) = postSolution
		SolutionGuid = {FE43BF0E-8239-4B45-8816-74145A3C7265}
	EndGlobalSection
EndGlobal
